
Microsoft Visual Studio Solution File, Format Version 12.00
# Visual Studio Version 17
VisualStudioVersion = 17.3.32825.248
MinimumVisualStudioVersion = 10.0.40219.1
Project("{FAE04EC0-301F-11D3-BF4B-00C04F79EFBC}") = "Asset Tracking", "Asset Tracking.csproj", "{CC4E919F-7582-42EA-B54B-2EC37EFBCD4E}"
EndProject
Global
	GlobalSection(SolutionConfigurationPlatforms) = preSolution
		Debug|Any CPU = Debug|Any CPU
		Release|Any CPU = Release|Any CPU
	EndGlobalSection
	GlobalSection(ProjectConfigurationPlatforms) = postSolution
		{CC4E919F-7582-42EA-B54B-2EC37EFBCD4E}.Debug|Any CPU.ActiveCfg = Debug|Any CPU
		{CC4E919F-7582-42EA-B54B-2EC37EFBCD4E}.Debug|Any CPU.Build.0 = Debug|Any CPU
		{CC4E919F-7582-42EA-B54B-2EC37EFBCD4E}.Release|Any CPU.ActiveCfg = Release|Any CPU
		{CC4E919F-7582-42EA-B54B-2EC37EFBCD4E}.Release|Any CPU.Build.0 = Release|Any CPU
	EndGlobalSection
	GlobalSection(SolutionProperties) = preSolution
		HideSolutionNode = FALSE
	EndGlobalSection
	GlobalSection(ExtensibilityGlobals) = postSolution
		SolutionGuid = {F087A35F-B16F-43AC-A4FF-D591AD050C3D}
	EndGlobalSection
EndGlobal
